
Microsoft Visual Studio Solution File, Format Version 12.00
# Visual Studio Version 16
VisualStudioVersion = 16.0.32901.82
MinimumVisualStudioVersion = 10.0.40219.1
Project("{FAE04EC0-301F-11D3-BF4B-00C04F79EFBC}") = "vs-2019-github-collaboration", "vs-2019-github-collaboration\vs-2019-github-collaboration.csproj", "{4EB1808B-767D-403A-9357-B6A6A1CFCF14}"
EndProject
Global
	GlobalSection(SolutionConfigurationPlatforms) = preSolution
		Debug|Any CPU = Debug|Any CPU
		Release|Any CPU = Release|Any CPU
	EndGlobalSection
	GlobalSection(ProjectConfigurationPlatforms) = postSolution
		{4EB1808B-767D-403A-9357-B6A6A1CFCF14}.Debug|Any CPU.ActiveCfg = Debug|Any CPU
		{4EB1808B-767D-403A-9357-B6A6A1CFCF14}.Debug|Any CPU.Build.0 = Debug|Any CPU
		{4EB1808B-767D-403A-9357-B6A6A1CFCF14}.Release|Any CPU.ActiveCfg = Release|Any CPU
		{4EB1808B-767D-403A-9357-B6A6A1CFCF14}.Release|Any CPU.Build.0 = Release|Any CPU
	EndGlobalSection
	GlobalSection(SolutionProperties) = preSolution
		HideSolutionNode = FALSE
	EndGlobalSection
	GlobalSection(ExtensibilityGlobals) = postSolution
		SolutionGuid = {838E3A00-DF64-4EA4-93D4-2F3C069534B8}
	EndGlobalSection
EndGlobal
